// !$*UTF8*$!
{
	archiveVersion = 1;
	classes = {
	};
	objectVersion = 46;
	objects = {

/* Begin PBXBuildFile section */
		741A75981F911D4A0023F0AC /* AppDelegate.swift in Sources */ = {isa = PBXBuildFile; fileRef = 741A75971F911D4A0023F0AC /* AppDelegate.swift */; };
		741A759A1F911D4A0023F0AC /* ViewController.swift in Sources */ = {isa = PBXBuildFile; fileRef = 741A75991F911D4A0023F0AC /* ViewController.swift */; };
		741A759D1F911D4A0023F0AC /* Main.storyboard in Resources */ = {isa = PBXBuildFile; fileRef = 741A759B1F911D4A0023F0AC /* Main.storyboard */; };
		741A759F1F911D4A0023F0AC /* Assets.xcassets in Resources */ = {isa = PBXBuildFile; fileRef = 741A759E1F911D4A0023F0AC /* Assets.xcassets */; };
		741A75A21F911D4A0023F0AC /* LaunchScreen.storyboard in Resources */ = {isa = PBXBuildFile; fileRef = 741A75A01F911D4A0023F0AC /* LaunchScreen.storyboard */; };
		741A75AD1F911D4B0023F0AC /* FoodTrackerTests.swift in Sources */ = {isa = PBXBuildFile; fileRef = 741A75AC1F911D4B0023F0AC /* FoodTrackerTests.swift */; };
/* End PBXBuildFile section */

/* Begin PBXContainerItemProxy section */
		741A75A91F911D4A0023F0AC /* PBXContainerItemProxy */ = {
			isa = PBXContainerItemProxy;
			containerPortal = 741A758C1F911D4A0023F0AC /* Project object */;
			proxyType = 1;
			remoteGlobalIDString = 741A75931F911D4A0023F0AC;
			remoteInfo = FoodTracker;
		};
/* End PBXContainerItemProxy section */

/* Begin PBXFileReference section */
		741A75941F911D4A0023F0AC /* FoodTracker.app */ = {isa = PBXFileReference; explicitFileType = wrapper.application; includeInIndex = 0; path = FoodTracker.app; sourceTree = BUILT_PRODUCTS_DIR; };
		741A75971F911D4A0023F0AC /* AppDelegate.swift */ = {isa = PBXFileReference; lastKnownFileType = sourcecode.swift; path = AppDelegate.swift; sourceTree = "<group>"; };
		741A75991F911D4A0023F0AC /* ViewController.swift */ = {isa = PBXFileReference; lastKnownFileType = sourcecode.swift; path = ViewController.swift; sourceTree = "<group>"; };
		741A759C1F911D4A0023F0AC /* Base */ = {isa = PBXFileReference; lastKnownFileType = file.storyboard; name = Base; path = Base.lproj/Main.storyboard; sourceTree = "<group>"; };
		741A759E1F911D4A0023F0AC /* Assets.xcassets */ = {isa = PBXFileReference; lastKnownFileType = folder.assetcatalog; path = Assets.xcassets; sourceTree = "<group>"; };
		741A75A11F911D4A0023F0AC /* Base */ = {isa = PBXFileReference; lastKnownFileType = file.storyboard; name = Base; path = Base.lproj/LaunchScreen.storyboard; sourceTree = "<group>"; };
		741A75A31F911D4A0023F0AC /* Info.plist */ = {isa = PBXFileReference; lastKnownFileType = text.plist.xml; path = Info.plist; sourceTree = "<group>"; };
		741A75A81F911D4A0023F0AC /* FoodTrackerTests.xctest */ = {isa = PBXFileReference; explicitFileType = wrapper.cfbundle; includeInIndex = 0; path = FoodTrackerTests.xctest; sourceTree = BUILT_PRODUCTS_DIR; };
		741A75AC1F911D4B0023F0AC /* FoodTrackerTests.swift */ = {isa = PBXFileReference; lastKnownFileType = sourcecode.swift; path = FoodTrackerTests.swift; sourceTree = "<group>"; };
		741A75AE1F911D4B0023F0AC /* Info.plist */ = {isa = PBXFileReference; lastKnownFileType = text.plist.xml; path = Info.plist; sourceTree = "<group>"; };
/* End PBXFileReference section */

/* Begin PBXFrameworksBuildPhase section */
		741A75911F911D4A0023F0AC /* Frameworks */ = {
			isa = PBXFrameworksBuildPhase;
			buildActionMask = 2147483647;
			files = (
			);
			runOnlyForDeploymentPostprocessing = 0;
		};
		741A75A51F911D4A0023F0AC /* Frameworks */ = {
			isa = PBXFrameworksBuildPhase;
			buildActionMask = 2147483647;
			files = (
			);
			runOnlyForDeploymentPostprocessing = 0;
		};
/* End PBXFrameworksBuildPhase section */

/* Begin PBXGroup section */
		741A758B1F911D4A0023F0AC = {
			isa = PBXGroup;
			children = (
				741A75961F911D4A0023F0AC /* FoodTracker */,
				741A75AB1F911D4B0023F0AC /* FoodTrackerTests */,
				741A75951F911D4A0023F0AC /* Products */,
			);
			sourceTree = "<group>";
		};
		741A75951F911D4A0023F0AC /* Products */ = {
			isa = PBXGroup;
			children = (
				741A75941F911D4A0023F0AC /* FoodTracker.app */,
				741A75A81F911D4A0023F0AC /* FoodTrackerTests.xctest */,
			);
			name = Products;
			sourceTree = "<group>";
		};
		741A75961F911D4A0023F0AC /* FoodTracker */ = {
			isa = PBXGroup;
			children = (
				741A75971F911D4A0023F0AC /* AppDelegate.swift */,
				741A75991F911D4A0023F0AC /* ViewController.swift */,
				741A759B1F911D4A0023F0AC /* Main.storyboard */,
				741A759E1F911D4A0023F0AC /* Assets.xcassets */,
				741A75A01F911D4A0023F0AC /* LaunchScreen.storyboard */,
				741A75A31F911D4A0023F0AC /* Info.plist */,
			);
			path = FoodTracker;
			sourceTree = "<group>";
		};
		741A75AB1F911D4B0023F0AC /* FoodTrackerTests */ = {
			isa = PBXGroup;
			children = (
				741A75AC1F911D4B0023F0AC /* FoodTrackerTests.swift */,
				741A75AE1F911D4B0023F0AC /* Info.plist */,
			);
			path = FoodTrackerTests;
			sourceTree = "<group>";
		};
/* End PBXGroup section */

/* Begin PBXNativeTarget section */
		741A75931F911D4A0023F0AC /* FoodTracker */ = {
			isa = PBXNativeTarget;
			buildConfigurationList = 741A75B11F911D4B0023F0AC /* Build configuration list for PBXNativeTarget "FoodTracker" */;
			buildPhases = (
				741A75901F911D4A0023F0AC /* Sources */,
				741A75911F911D4A0023F0AC /* Frameworks */,
				741A75921F911D4A0023F0AC /* Resources */,
			);
			buildRules = (
			);
			dependencies = (
			);
			name = FoodTracker;
			productName = FoodTracker;
			productReference = 741A75941F911D4A0023F0AC /* FoodTracker.app */;
			productType = "com.apple.product-type.application";
		};
		741A75A71F911D4A0023F0AC /* FoodTrackerTests */ = {
			isa = PBXNativeTarget;
			buildConfigurationList = 741A75B41F911D4B0023F0AC /* Build configuration list for PBXNativeTarget "FoodTrackerTests" */;
			buildPhases = (
				741A75A41F911D4A0023F0AC /* Sources */,
				741A75A51F911D4A0023F0AC /* Frameworks */,
				741A75A61F911D4A0023F0AC /* Resources */,
			);
			buildRules = (
			);
			dependencies = (
				741A75AA1F911D4A0023F0AC /* PBXTargetDependency */,
			);
			name = FoodTrackerTests;
			productName = FoodTrackerTests;
			productReference = 741A75A81F911D4A0023F0AC /* FoodTrackerTests.xctest */;
			productType = "com.apple.product-type.bundle.unit-test";
		};
/* End PBXNativeTarget section */

/* Begin PBXProject section */
		741A758C1F911D4A0023F0AC /* Project object */ = {
			isa = PBXProject;
			attributes = {
				LastSwiftUpdateCheck = 0820;
				LastUpgradeCheck = 0820;
				ORGANIZATIONNAME = "Gaurav Tyagi";
				TargetAttributes = {
					741A75931F911D4A0023F0AC = {
						CreatedOnToolsVersion = 8.2;
						DevelopmentTeam = W46BQNFB9G;
						ProvisioningStyle = Automatic;
					};
					741A75A71F911D4A0023F0AC = {
						CreatedOnToolsVersion = 8.2;
						ProvisioningStyle = Automatic;
						TestTargetID = 741A75931F911D4A0023F0AC;
					};
				};
			};
			buildConfigurationList = 741A758F1F911D4A0023F0AC /* Build configuration list for PBXProject "FoodTracker" */;
			compatibilityVersion = "Xcode 3.2";
			developmentRegion = English;
			hasScannedForEncodings = 0;
			knownRegions = (
				en,
				Base,
			);
			mainGroup = 741A758B1F911D4A0023F0AC;
			productRefGroup = 741A75951F911D4A0023F0AC /* Products */;
			projectDirPath = "";
			projectRoot = "";
			targets = (
				741A75931F911D4A0023F0AC /* FoodTracker */,
				741A75A71F911D4A0023F0AC /* FoodTrackerTests */,
			);
		};
/* End PBXProject section */

/* Begin PBXResourcesBuildPhase section */
		741A75921F911D4A0023F0AC /* Resources */ = {
			isa = PBXResourcesBuildPhase;
			buildActionMask = 2147483647;
			files = (
				741A75A21F911D4A0023F0AC /* LaunchScreen.storyboard in Resources */,
				741A759F1F911D4A0023F0AC /* Assets.xcassets in Resources */,
				741A759D1F911D4A0023F0AC /* Main.storyboard in Resources */,
			);
			runOnlyForDeploymentPostprocessing = 0;
		};
		741A75A61F911D4A0023F0AC /* Resources */ = {
			isa = PBXResourcesBuildPhase;
			buildActionMask = 2147483647;
			files = (
			);
			runOnlyForDeploymentPostprocessing = 0;
		};
/* End PBXResourcesBuildPhase section */

/* Begin PBXSourcesBuildPhase section */
		741A75901F911D4A0023F0AC /* Sources */ = {
			isa = PBXSourcesBuildPhase;
			buildActionMask = 2147483647;
			files = (
				741A759A1F911D4A0023F0AC /* ViewController.swift in Sources */,
				741A75981F911D4A0023F0AC /* AppDelegate.swift in Sources */,
			);
			runOnlyForDeploymentPostprocessing = 0;
		};
		741A75A41F911D4A0023F0AC /* Sources */ = {
			isa = PBXSourcesBuildPhase;
			buildActionMask = 2147483647;
			files = (
				741A75AD1F911D4B0023F0AC /* FoodTrackerTests.swift in Sources */,
			);
			runOnlyForDeploymentPostprocessing = 0;
		};
/* End PBXSourcesBuildPhase section */

/* Begin PBXTargetDependency section */
		741A75AA1F911D4A0023F0AC /* PBXTargetDependency */ = {
			isa = PBXTargetDependency;
			target = 741A75931F911D4A0023F0AC /* FoodTracker */;
			targetProxy = 741A75A91F911D4A0023F0AC /* PBXContainerItemProxy */;
		};
/* End PBXTargetDependency section */

/* Begin PBXVariantGroup section */
		741A759B1F911D4A0023F0AC /* Main.storyboard */ = {
			isa = PBXVariantGroup;
			children = (
				741A759C1F911D4A0023F0AC /* Base */,
			);
			name = Main.storyboard;
			sourceTree = "<group>";
		};
		741A75A01F911D4A0023F0AC /* LaunchScreen.storyboard */ = {
			isa = PBXVariantGroup;
			children = (
				741A75A11F911D4A0023F0AC /* Base */,
			);
			name = LaunchScreen.storyboard;
			sourceTree = "<group>";
		};
/* End PBXVariantGroup section */

/* Begin XCBuildConfiguration section */
		741A75AF1F911D4B0023F0AC /* Debug */ = {
			isa = XCBuildConfiguration;
			buildSettings = {
				ALWAYS_SEARCH_USER_PATHS = NO;
				CLANG_ANALYZER_NONNULL = YES;
				CLANG_CXX_LANGUAGE_STANDARD = "gnu++0x";
				CLANG_CXX_LIBRARY = "libc++";
				CLANG_ENABLE_MODULES = YES;
				CLANG_ENABLE_OBJC_ARC = YES;
				CLANG_WARN_BOOL_CONVERSION = YES;
				CLANG_WARN_CONSTANT_CONVERSION = YES;
				CLANG_WARN_DIRECT_OBJC_ISA_USAGE = YES_ERROR;
				CLANG_WARN_DOCUMENTATION_COMMENTS = YES;
				CLANG_WARN_EMPTY_BODY = YES;
				CLANG_WARN_ENUM_CONVERSION = YES;
				CLANG_WARN_INFINITE_RECURSION = YES;
				CLANG_WARN_INT_CONVERSION = YES;
				CLANG_WARN_OBJC_ROOT_CLASS = YES_ERROR;
				CLANG_WARN_SUSPICIOUS_MOVE = YES;
				CLANG_WARN_UNREACHABLE_CODE = YES;
				CLANG_WARN__DUPLICATE_METHOD_MATCH = YES;
				"CODE_SIGN_IDENTITY[sdk=iphoneos*]" = "iPhone Developer";
				COPY_PHASE_STRIP = NO;
				DEBUG_INFORMATION_FORMAT = dwarf;
				ENABLE_STRICT_OBJC_MSGSEND = YES;
				ENABLE_TESTABILITY = YES;
				GCC_C_LANGUAGE_STANDARD = gnu99;
				GCC_DYNAMIC_NO_PIC = NO;
				GCC_NO_COMMON_BLOCKS = YES;
				GCC_OPTIMIZATION_LEVEL = 0;
				GCC_PREPROCESSOR_DEFINITIONS = (
					"DEBUG=1",
					"$(inherited)",
				);
				GCC_WARN_64_TO_32_BIT_CONVERSION = YES;
				GCC_WARN_ABOUT_RETURN_TYPE = YES_ERROR;
				GCC_WARN_UNDECLARED_SELECTOR = YES;
				GCC_WARN_UNINITIALIZED_AUTOS = YES_AGGRESSIVE;
				GCC_WARN_UNUSED_FUNCTION = YES;
				GCC_WARN_UNUSED_VARIABLE = YES;
				IPHONEOS_DEPLOYMENT_TARGET = 10.2;
				MTL_ENABLE_DEBUG_INFO = YES;
				ONLY_ACTIVE_ARCH = YES;
				SDKROOT = iphoneos;
				SWIFT_ACTIVE_COMPILATION_CONDITIONS = DEBUG;
				SWIFT_OPTIMIZATION_LEVEL = "-Onone";
				TARGETED_DEVICE_FAMILY = "1,2";
			};
			name = Debug;
		};
		741A75B01F911D4B0023F0AC /* Release */ = {
			isa = XCBuildConfiguration;
			buildSettings = {
				ALWAYS_SEARCH_USER_PATHS = NO;
				CLANG_ANALYZER_NONNULL = YES;
				CLANG_CXX_LANGUAGE_STANDARD = "gnu++0x";
				CLANG_CXX_LIBRARY = "libc++";
				CLANG_ENABLE_MODULES = YES;
				CLANG_ENABLE_OBJC_ARC = YES;
				CLANG_WARN_BOOL_CONVERSION = YES;
				CLANG_WARN_CONSTANT_CONVERSION = YES;
				CLANG_WARN_DIRECT_OBJC_ISA_USAGE = YES_ERROR;
				CLANG_WARN_DOCUMENTATION_COMMENTS = YES;
				CLANG_WARN_EMPTY_BODY = YES;
				CLANG_WARN_ENUM_CONVERSION = YES;
				CLANG_WARN_INFINITE_RECURSION = YES;
				CLANG_WARN_INT_CONVERSION = YES;
				CLANG_WARN_OBJC_ROOT_CLASS = YES_ERROR;
				CLANG_WARN_SUSPICIOUS_MOVE = YES;
				CLANG_WARN_UNREACHABLE_CODE = YES;
				CLANG_WARN__DUPLICATE_METHOD_MATCH = YES;
				"CODE_SIGN_IDENTITY[sdk=iphoneos*]" = "iPhone Developer";
				COPY_PHASE_STRIP = NO;
				DEBUG_INFORMATION_FORMAT = "dwarf-with-dsym";
				ENABLE_NS_ASSERTIONS = NO;
				ENABLE_STRICT_OBJC_MSGSEND = YES;
				GCC_C_LANGUAGE_STANDARD = gnu99;
				GCC_NO_COMMON_BLOCKS = YES;
				GCC_WARN_64_TO_32_BIT_CONVERSION = YES;
				GCC_WARN_ABOUT_RETURN_TYPE = YES_ERROR;
				GCC_WARN_UNDECLARED_SELECTOR = YES;
				GCC_WARN_UNINITIALIZED_AUTOS = YES_AGGRESSIVE;
				GCC_WARN_UNUSED_FUNCTION = YES;
				GCC_WARN_UNUSED_VARIABLE = YES;
				IPHONEOS_DEPLOYMENT_TARGET = 10.2;
				MTL_ENABLE_DEBUG_INFO = NO;
				SDKROOT = iphoneos;
				SWIFT_OPTIMIZATION_LEVEL = "-Owholemodule";
				TARGETED_DEVICE_FAMILY = "1,2";
				VALIDATE_PRODUCT = YES;
			};
			name = Release;
		};
		741A75B21F911D4B0023F0AC /* Debug */ = {
			isa = XCBuildConfiguration;
			buildSettings = {
				ASSETCATALOG_COMPILER_APPICON_NAME = AppIcon;
				DEVELOPMENT_TEAM = W46BQNFB9G;
				INFOPLIST_FILE = FoodTracker/Info.plist;
				LD_RUNPATH_SEARCH_PATHS = "$(inherited) @executable_path/Frameworks";
				PRODUCT_BUNDLE_IDENTIFIER = com.gt.example.FoodTracker;
				PRODUCT_NAME = "$(TARGET_NAME)";
				SWIFT_VERSION = 3.0;
			};
			name = Debug;
		};
		741A75B31F911D4B0023F0AC /* Release */ = {
			isa = XCBuildConfiguration;
			buildSettings = {
				ASSETCATALOG_COMPILER_APPICON_NAME = AppIcon;
				DEVELOPMENT_TEAM = W46BQNFB9G;
				INFOPLIST_FILE = FoodTracker/Info.plist;
				LD_RUNPATH_SEARCH_PATHS = "$(inherited) @executable_path/Frameworks";
				PRODUCT_BUNDLE_IDENTIFIER = com.gt.example.FoodTracker;
				PRODUCT_NAME = "$(TARGET_NAME)";
				SWIFT_VERSION = 3.0;
			};
			name = Release;
		};
		741A75B51F911D4B0023F0AC /* Debug */ = {
			isa = XCBuildConfiguration;
			buildSettings = {
				ALWAYS_EMBED_SWIFT_STANDARD_LIBRARIES = YES;
				BUNDLE_LOADER = "$(TEST_HOST)";
				INFOPLIST_FILE = FoodTrackerTests/Info.plist;
				LD_RUNPATH_SEARCH_PATHS = "$(inherited) @executable_path/Frameworks @loader_path/Frameworks";
				PRODUCT_BUNDLE_IDENTIFIER = com.example.FoodTrackerTests;
				PRODUCT_NAME = "$(TARGET_NAME)";
				SWIFT_VERSION = 3.0;
				TEST_HOST = "$(BUILT_PRODUCTS_DIR)/FoodTracker.app/FoodTracker";
			};
			name = Debug;
		};
		741A75B61F911D4B0023F0AC /* Release */ = {
			isa = XCBuildConfiguration;
			buildSettings = {
				ALWAYS_EMBED_SWIFT_STANDARD_LIBRARIES = YES;
				BUNDLE_LOADER = "$(TEST_HOST)";
				INFOPLIST_FILE = FoodTrackerTests/Info.plist;
				LD_RUNPATH_SEARCH_PATHS = "$(inherited) @executable_path/Frameworks @loader_path/Frameworks";
				PRODUCT_BUNDLE_IDENTIFIER = com.example.FoodTrackerTests;
				PRODUCT_NAME = "$(TARGET_NAME)";
				SWIFT_VERSION = 3.0;
				TEST_HOST = "$(BUILT_PRODUCTS_DIR)/FoodTracker.app/FoodTracker";
			};
			name = Release;
		};
/* End XCBuildConfiguration section */

/* Begin XCConfigurationList section */
		741A758F1F911D4A0023F0AC /* Build configuration list for PBXProject "FoodTracker" */ = {
			isa = XCConfigurationList;
			buildConfigurations = (
				741A75AF1F911D4B0023F0AC /* Debug */,
				741A75B01F911D4B0023F0AC /* Release */,
			);
			defaultConfigurationIsVisible = 0;
			defaultConfigurationName = Release;
		};
		741A75B11F911D4B0023F0AC /* Build configuration list for PBXNativeTarget "FoodTracker" */ = {
			isa = XCConfigurationList;
			buildConfigurations = (
				741A75B21F911D4B0023F0AC /* Debug */,
				741A75B31F911D4B0023F0AC /* Release */,
			);
			defaultConfigurationIsVisible = 0;
		};
		741A75B41F911D4B0023F0AC /* Build configuration list for PBXNativeTarget "FoodTrackerTests" */ = {
			isa = XCConfigurationList;
			buildConfigurations = (
				741A75B51F911D4B0023F0AC /* Debug */,
				741A75B61F911D4B0023F0AC /* Release */,
			);
			defaultConfigurationIsVisible = 0;
		};
/* End XCConfigurationList section */
	};
	rootObject = 741A758C1F911D4A0023F0AC /* Project object */;
}
